// !$*UTF8*$!
{
	archiveVersion = 1;
	classes = {
	};
	objectVersion = 50;
	objects = {

/* Begin PBXBuildFile section */
		FC03CF70247108C200700EAE /* AppDelegate.swift in Sources */ = {isa = PBXBuildFile; fileRef = FC03CF6F247108C200700EAE /* AppDelegate.swift */; };
		FC03CF72247108C200700EAE /* SceneDelegate.swift in Sources */ = {isa = PBXBuildFile; fileRef = FC03CF71247108C200700EAE /* SceneDelegate.swift */; };
		FC03CF74247108C200700EAE /* TaskViewController.swift in Sources */ = {isa = PBXBuildFile; fileRef = FC03CF73247108C200700EAE /* TaskViewController.swift */; };
		FC03CF77247108C200700EAE /* Main.storyboard in Resources */ = {isa = PBXBuildFile; fileRef = FC03CF75247108C200700EAE /* Main.storyboard */; };
		FC03CF79247108C400700EAE /* Assets.xcassets in Resources */ = {isa = PBXBuildFile; fileRef = FC03CF78247108C400700EAE /* Assets.xcassets */; };
		FC03CF7C247108C400700EAE /* LaunchScreen.storyboard in Resources */ = {isa = PBXBuildFile; fileRef = FC03CF7A247108C400700EAE /* LaunchScreen.storyboard */; };
		FC03CF8424710F5A00700EAE /* Task.swift in Sources */ = {isa = PBXBuildFile; fileRef = FC03CF8324710F5A00700EAE /* Task.swift */; };
		FC03CF8624710F9C00700EAE /* TaskStore.swift in Sources */ = {isa = PBXBuildFile; fileRef = FC03CF8524710F9C00700EAE /* TaskStore.swift */; };
		FC03CF8E24721CA800700EAE /* TaskUtility.swift in Sources */ = {isa = PBXBuildFile; fileRef = FC03CF8D24721CA800700EAE /* TaskUtility.swift */; };
/* End PBXBuildFile section */

/* Begin PBXFileReference section */
		FC03CF6C247108C200700EAE /* Taskly.app */ = {isa = PBXFileReference; explicitFileType = wrapper.application; includeInIndex = 0; path = Taskly.app; sourceTree = BUILT_PRODUCTS_DIR; };
		FC03CF6F247108C200700EAE /* AppDelegate.swift */ = {isa = PBXFileReference; lastKnownFileType = sourcecode.swift; path = AppDelegate.swift; sourceTree = "<group>"; };
		FC03CF71247108C200700EAE /* SceneDelegate.swift */ = {isa = PBXFileReference; lastKnownFileType = sourcecode.swift; path = SceneDelegate.swift; sourceTree = "<group>"; };
		FC03CF73247108C200700EAE /* TaskViewController.swift */ = {isa = PBXFileReference; lastKnownFileType = sourcecode.swift; path = TaskViewController.swift; sourceTree = "<group>"; };
		FC03CF76247108C200700EAE /* Base */ = {isa = PBXFileReference; lastKnownFileType = file.storyboard; name = Base; path = Base.lproj/Main.storyboard; sourceTree = "<group>"; };
		FC03CF78247108C400700EAE /* Assets.xcassets */ = {isa = PBXFileReference; lastKnownFileType = folder.assetcatalog; path = Assets.xcassets; sourceTree = "<group>"; };
		FC03CF7B247108C400700EAE /* Base */ = {isa = PBXFileReference; lastKnownFileType = file.storyboard; name = Base; path = Base.lproj/LaunchScreen.storyboard; sourceTree = "<group>"; };
		FC03CF7D247108C400700EAE /* Info.plist */ = {isa = PBXFileReference; lastKnownFileType = text.plist.xml; path = Info.plist; sourceTree = "<group>"; };
		FC03CF8324710F5A00700EAE /* Task.swift */ = {isa = PBXFileReference; lastKnownFileType = sourcecode.swift; path = Task.swift; sourceTree = "<group>"; };
		FC03CF8524710F9C00700EAE /* TaskStore.swift */ = {isa = PBXFileReference; lastKnownFileType = sourcecode.swift; path = TaskStore.swift; sourceTree = "<group>"; };
		FC03CF8D24721CA800700EAE /* TaskUtility.swift */ = {isa = PBXFileReference; lastKnownFileType = sourcecode.swift; path = TaskUtility.swift; sourceTree = "<group>"; };
/* End PBXFileReference section */

/* Begin PBXFrameworksBuildPhase section */
		FC03CF69247108C200700EAE /* Frameworks */ = {
			isa = PBXFrameworksBuildPhase;
			buildActionMask = 2147483647;
			files = (
			);
			runOnlyForDeploymentPostprocessing = 0;
		};
/* End PBXFrameworksBuildPhase section */

/* Begin PBXGroup section */
		FC03CF63247108C200700EAE = {
			isa = PBXGroup;
			children = (
				FC03CF6E247108C200700EAE /* Taskly */,
				FC03CF6D247108C200700EAE /* Products */,
			);
			sourceTree = "<group>";
		};
		FC03CF6D247108C200700EAE /* Products */ = {
			isa = PBXGroup;
			children = (
				FC03CF6C247108C200700EAE /* Taskly.app */,
			);
			name = Products;
			sourceTree = "<group>";
		};
		FC03CF6E247108C200700EAE /* Taskly */ = {
			isa = PBXGroup;
			children = (
				FC03CF8924721B2600700EAE /* Model */,
				FC03CF8824721B2300700EAE /* View */,
				FC03CF8724721B1B00700EAE /* Controller */,
				FC03CF8A24721B9A00700EAE /* Helpers */,
				FC03CF8B24721BD400700EAE /* System */,
			);
			path = Taskly;
			sourceTree = "<group>";
		};
		FC03CF8724721B1B00700EAE /* Controller */ = {
			isa = PBXGroup;
			children = (
				FC03CF73247108C200700EAE /* TaskViewController.swift */,
			);
			path = Controller;
			sourceTree = "<group>";
		};
		FC03CF8824721B2300700EAE /* View */ = {
			isa = PBXGroup;
			children = (
				FC03CF75247108C200700EAE /* Main.storyboard */,
			);
			path = View;
			sourceTree = "<group>";
		};
		FC03CF8924721B2600700EAE /* Model */ = {
			isa = PBXGroup;
			children = (
				FC03CF8324710F5A00700EAE /* Task.swift */,
			);
			path = Model;
			sourceTree = "<group>";
		};
		FC03CF8A24721B9A00700EAE /* Helpers */ = {
			isa = PBXGroup;
			children = (
				FC03CF8524710F9C00700EAE /* TaskStore.swift */,
				FC03CF8D24721CA800700EAE /* TaskUtility.swift */,
			);
			path = Helpers;
			sourceTree = "<group>";
		};
		FC03CF8B24721BD400700EAE /* System */ = {
			isa = PBXGroup;
			children = (
				FC03CF6F247108C200700EAE /* AppDelegate.swift */,
				FC03CF71247108C200700EAE /* SceneDelegate.swift */,
				FC03CF78247108C400700EAE /* Assets.xcassets */,
				FC03CF7A247108C400700EAE /* LaunchScreen.storyboard */,
				FC03CF7D247108C400700EAE /* Info.plist */,
			);
			path = System;
			sourceTree = "<group>";
		};
/* End PBXGroup section */

/* Begin PBXNativeTarget section */
		FC03CF6B247108C200700EAE /* Taskly */ = {
			isa = PBXNativeTarget;
			buildConfigurationList = FC03CF80247108C400700EAE /* Build configuration list for PBXNativeTarget "Taskly" */;
			buildPhases = (
				FC03CF68247108C200700EAE /* Sources */,
				FC03CF69247108C200700EAE /* Frameworks */,
				FC03CF6A247108C200700EAE /* Resources */,
			);
			buildRules = (
			);
			dependencies = (
			);
			name = Taskly;
			productName = Taskly;
			productReference = FC03CF6C247108C200700EAE /* Taskly.app */;
			productType = "com.apple.product-type.application";
		};
/* End PBXNativeTarget section */

/* Begin PBXProject section */
		FC03CF64247108C200700EAE /* Project object */ = {
			isa = PBXProject;
			attributes = {
				LastSwiftUpdateCheck = 1140;
				LastUpgradeCheck = 1140;
				ORGANIZATIONNAME = omrobbie;
				TargetAttributes = {
					FC03CF6B247108C200700EAE = {
						CreatedOnToolsVersion = 11.4.1;
					};
				};
			};
			buildConfigurationList = FC03CF67247108C200700EAE /* Build configuration list for PBXProject "Taskly" */;
			compatibilityVersion = "Xcode 9.3";
			developmentRegion = en;
			hasScannedForEncodings = 0;
			knownRegions = (
				en,
				Base,
			);
			mainGroup = FC03CF63247108C200700EAE;
			productRefGroup = FC03CF6D247108C200700EAE /* Products */;
			projectDirPath = "";
			projectRoot = "";
			targets = (
				FC03CF6B247108C200700EAE /* Taskly */,
			);
		};
/* End PBXProject section */

/* Begin PBXResourcesBuildPhase section */
		FC03CF6A247108C200700EAE /* Resources */ = {
			isa = PBXResourcesBuildPhase;
			buildActionMask = 2147483647;
			files = (
				FC03CF7C247108C400700EAE /* LaunchScreen.storyboard in Resources */,
				FC03CF79247108C400700EAE /* Assets.xcassets in Resources */,
				FC03CF77247108C200700EAE /* Main.storyboard in Resources */,
			);
			runOnlyForDeploymentPostprocessing = 0;
		};
/* End PBXResourcesBuildPhase section */

/* Begin PBXSourcesBuildPhase section */
		FC03CF68247108C200700EAE /* Sources */ = {
			isa = PBXSourcesBuildPhase;
			buildActionMask = 2147483647;
			files = (
				FC03CF8624710F9C00700EAE /* TaskStore.swift in Sources */,
				FC03CF8424710F5A00700EAE /* Task.swift in Sources */,
				FC03CF74247108C200700EAE /* TaskViewController.swift in Sources */,
				FC03CF8E24721CA800700EAE /* TaskUtility.swift in Sources */,
				FC03CF70247108C200700EAE /* AppDelegate.swift in Sources */,
				FC03CF72247108C200700EAE /* SceneDelegate.swift in Sources */,
			);
			runOnlyForDeploymentPostprocessing = 0;
		};
/* End PBXSourcesBuildPhase section */

/* Begin PBXVariantGroup section */
		FC03CF75247108C200700EAE /* Main.storyboard */ = {
			isa = PBXVariantGroup;
			children = (
				FC03CF76247108C200700EAE /* Base */,
			);
			name = Main.storyboard;
			sourceTree = "<group>";
		};
		FC03CF7A247108C400700EAE /* LaunchScreen.storyboard */ = {
			isa = PBXVariantGroup;
			children = (
				FC03CF7B247108C400700EAE /* Base */,
			);
			name = LaunchScreen.storyboard;
			sourceTree = "<group>";
		};
/* End PBXVariantGroup section */

/* Begin XCBuildConfiguration section */
		FC03CF7E247108C400700EAE /* Debug */ = {
			isa = XCBuildConfiguration;
			buildSettings = {
				ALWAYS_SEARCH_USER_PATHS = NO;
				CLANG_ANALYZER_NONNULL = YES;
				CLANG_ANALYZER_NUMBER_OBJECT_CONVERSION = YES_AGGRESSIVE;
				CLANG_CXX_LANGUAGE_STANDARD = "gnu++14";
				CLANG_CXX_LIBRARY = "libc++";
				CLANG_ENABLE_MODULES = YES;
				CLANG_ENABLE_OBJC_ARC = YES;
				CLANG_ENABLE_OBJC_WEAK = YES;
				CLANG_WARN_BLOCK_CAPTURE_AUTORELEASING = YES;
				CLANG_WARN_BOOL_CONVERSION = YES;
				CLANG_WARN_COMMA = YES;
				CLANG_WARN_CONSTANT_CONVERSION = YES;
				CLANG_WARN_DEPRECATED_OBJC_IMPLEMENTATIONS = YES;
				CLANG_WARN_DIRECT_OBJC_ISA_USAGE = YES_ERROR;
				CLANG_WARN_DOCUMENTATION_COMMENTS = YES;
				CLANG_WARN_EMPTY_BODY = YES;
				CLANG_WARN_ENUM_CONVERSION = YES;
				CLANG_WARN_INFINITE_RECURSION = YES;
				CLANG_WARN_INT_CONVERSION = YES;
				CLANG_WARN_NON_LITERAL_NULL_CONVERSION = YES;
				CLANG_WARN_OBJC_IMPLICIT_RETAIN_SELF = YES;
				CLANG_WARN_OBJC_LITERAL_CONVERSION = YES;
				CLANG_WARN_OBJC_ROOT_CLASS = YES_ERROR;
				CLANG_WARN_RANGE_LOOP_ANALYSIS = YES;
				CLANG_WARN_STRICT_PROTOTYPES = YES;
				CLANG_WARN_SUSPICIOUS_MOVE = YES;
				CLANG_WARN_UNGUARDED_AVAILABILITY = YES_AGGRESSIVE;
				CLANG_WARN_UNREACHABLE_CODE = YES;
				CLANG_WARN__DUPLICATE_METHOD_MATCH = YES;
				COPY_PHASE_STRIP = NO;
				DEBUG_INFORMATION_FORMAT = dwarf;
				ENABLE_STRICT_OBJC_MSGSEND = YES;
				ENABLE_TESTABILITY = YES;
				GCC_C_LANGUAGE_STANDARD = gnu11;
				GCC_DYNAMIC_NO_PIC = NO;
				GCC_NO_COMMON_BLOCKS = YES;
				GCC_OPTIMIZATION_LEVEL = 0;
				GCC_PREPROCESSOR_DEFINITIONS = (
					"DEBUG=1",
					"$(inherited)",
				);
				GCC_WARN_64_TO_32_BIT_CONVERSION = YES;
				GCC_WARN_ABOUT_RETURN_TYPE = YES_ERROR;
				GCC_WARN_UNDECLARED_SELECTOR = YES;
				GCC_WARN_UNINITIALIZED_AUTOS = YES_AGGRESSIVE;
				GCC_WARN_UNUSED_FUNCTION = YES;
				GCC_WARN_UNUSED_VARIABLE = YES;
				IPHONEOS_DEPLOYMENT_TARGET = 13.4;
				MTL_ENABLE_DEBUG_INFO = INCLUDE_SOURCE;
				MTL_FAST_MATH = YES;
				ONLY_ACTIVE_ARCH = YES;
				SDKROOT = iphoneos;
				SWIFT_ACTIVE_COMPILATION_CONDITIONS = DEBUG;
				SWIFT_OPTIMIZATION_LEVEL = "-Onone";
			};
			name = Debug;
		};
		FC03CF7F247108C400700EAE /* Release */ = {
			isa = XCBuildConfiguration;
			buildSettings = {
				ALWAYS_SEARCH_USER_PATHS = NO;
				CLANG_ANALYZER_NONNULL = YES;
				CLANG_ANALYZER_NUMBER_OBJECT_CONVERSION = YES_AGGRESSIVE;
				CLANG_CXX_LANGUAGE_STANDARD = "gnu++14";
				CLANG_CXX_LIBRARY = "libc++";
				CLANG_ENABLE_MODULES = YES;
				CLANG_ENABLE_OBJC_ARC = YES;
				CLANG_ENABLE_OBJC_WEAK = YES;
				CLANG_WARN_BLOCK_CAPTURE_AUTORELEASING = YES;
				CLANG_WARN_BOOL_CONVERSION = YES;
				CLANG_WARN_COMMA = YES;
				CLANG_WARN_CONSTANT_CONVERSION = YES;
				CLANG_WARN_DEPRECATED_OBJC_IMPLEMENTATIONS = YES;
				CLANG_WARN_DIRECT_OBJC_ISA_USAGE = YES_ERROR;
				CLANG_WARN_DOCUMENTATION_COMMENTS = YES;
				CLANG_WARN_EMPTY_BODY = YES;
				CLANG_WARN_ENUM_CONVERSION = YES;
				CLANG_WARN_INFINITE_RECURSION = YES;
				CLANG_WARN_INT_CONVERSION = YES;
				CLANG_WARN_NON_LITERAL_NULL_CONVERSION = YES;
				CLANG_WARN_OBJC_IMPLICIT_RETAIN_SELF = YES;
				CLANG_WARN_OBJC_LITERAL_CONVERSION = YES;
				CLANG_WARN_OBJC_ROOT_CLASS = YES_ERROR;
				CLANG_WARN_RANGE_LOOP_ANALYSIS = YES;
				CLANG_WARN_STRICT_PROTOTYPES = YES;
				CLANG_WARN_SUSPICIOUS_MOVE = YES;
				CLANG_WARN_UNGUARDED_AVAILABILITY = YES_AGGRESSIVE;
				CLANG_WARN_UNREACHABLE_CODE = YES;
				CLANG_WARN__DUPLICATE_METHOD_MATCH = YES;
				COPY_PHASE_STRIP = NO;
				DEBUG_INFORMATION_FORMAT = "dwarf-with-dsym";
				ENABLE_NS_ASSERTIONS = NO;
				ENABLE_STRICT_OBJC_MSGSEND = YES;
				GCC_C_LANGUAGE_STANDARD = gnu11;
				GCC_NO_COMMON_BLOCKS = YES;
				GCC_WARN_64_TO_32_BIT_CONVERSION = YES;
				GCC_WARN_ABOUT_RETURN_TYPE = YES_ERROR;
				GCC_WARN_UNDECLARED_SELECTOR = YES;
				GCC_WARN_UNINITIALIZED_AUTOS = YES_AGGRESSIVE;
				GCC_WARN_UNUSED_FUNCTION = YES;
				GCC_WARN_UNUSED_VARIABLE = YES;
				IPHONEOS_DEPLOYMENT_TARGET = 13.4;
				MTL_ENABLE_DEBUG_INFO = NO;
				MTL_FAST_MATH = YES;
				SDKROOT = iphoneos;
				SWIFT_COMPILATION_MODE = wholemodule;
				SWIFT_OPTIMIZATION_LEVEL = "-O";
				VALIDATE_PRODUCT = YES;
			};
			name = Release;
		};
		FC03CF81247108C400700EAE /* Debug */ = {
			isa = XCBuildConfiguration;
			buildSettings = {
				ASSETCATALOG_COMPILER_APPICON_NAME = AppIcon;
				CODE_SIGN_STYLE = Automatic;
				INFOPLIST_FILE = "$(SRCROOT)/Taskly/System/Info.plist";
				LD_RUNPATH_SEARCH_PATHS = (
					"$(inherited)",
					"@executable_path/Frameworks",
				);
				PRODUCT_BUNDLE_IDENTIFIER = com.omrobbie.Taskly;
				PRODUCT_NAME = "$(TARGET_NAME)";
				SWIFT_VERSION = 5.0;
				TARGETED_DEVICE_FAMILY = 1;
			};
			name = Debug;
		};
		FC03CF82247108C400700EAE /* Release */ = {
			isa = XCBuildConfiguration;
			buildSettings = {
				ASSETCATALOG_COMPILER_APPICON_NAME = AppIcon;
				CODE_SIGN_STYLE = Automatic;
				INFOPLIST_FILE = "$(SRCROOT)/Taskly/System/Info.plist";
				LD_RUNPATH_SEARCH_PATHS = (
					"$(inherited)",
					"@executable_path/Frameworks",
				);
				PRODUCT_BUNDLE_IDENTIFIER = com.omrobbie.Taskly;
				PRODUCT_NAME = "$(TARGET_NAME)";
				SWIFT_VERSION = 5.0;
				TARGETED_DEVICE_FAMILY = 1;
			};
			name = Release;
		};
/* End XCBuildConfiguration section */

/* Begin XCConfigurationList section */
		FC03CF67247108C200700EAE /* Build configuration list for PBXProject "Taskly" */ = {
			isa = XCConfigurationList;
			buildConfigurations = (
				FC03CF7E247108C400700EAE /* Debug */,
				FC03CF7F247108C400700EAE /* Release */,
			);
			defaultConfigurationIsVisible = 0;
			defaultConfigurationName = Release;
		};
		FC03CF80247108C400700EAE /* Build configuration list for PBXNativeTarget "Taskly" */ = {
			isa = XCConfigurationList;
			buildConfigurations = (
				FC03CF81247108C400700EAE /* Debug */,
				FC03CF82247108C400700EAE /* Release */,
			);
			defaultConfigurationIsVisible = 0;
			defaultConfigurationName = Release;
		};
/* End XCConfigurationList section */
	};
	rootObject = FC03CF64247108C200700EAE /* Project object */;
}
